
Microsoft Visual Studio Solution File, Format Version 12.00
# Visual Studio Version 17
VisualStudioVersion = 17.0.32014.148
MinimumVisualStudioVersion = 10.0.40219.1
Project("{FAE04EC0-301F-11D3-BF4B-00C04F79EFBC}") = "AlbumMusique", "AlbumMusique.csproj", "{97F93F68-FD63-4C0C-AC30-D719180581D8}"
EndProject
Project("{FAE04EC0-301F-11D3-BF4B-00C04F79EFBC}") = "BO", "..\BO\BO.csproj", "{64AA5CC9-54A9-418D-93A5-32045C7DDFB5}"
EndProject
Global
	GlobalSection(SolutionConfigurationPlatforms) = preSolution
		Debug|Any CPU = Debug|Any CPU
		Release|Any CPU = Release|Any CPU
	EndGlobalSection
	GlobalSection(ProjectConfigurationPlatforms) = postSolution
		{97F93F68-FD63-4C0C-AC30-D719180581D8}.Debug|Any CPU.ActiveCfg = Debug|Any CPU
		{97F93F68-FD63-4C0C-AC30-D719180581D8}.Debug|Any CPU.Build.0 = Debug|Any CPU
		{97F93F68-FD63-4C0C-AC30-D719180581D8}.Release|Any CPU.ActiveCfg = Release|Any CPU
		{97F93F68-FD63-4C0C-AC30-D719180581D8}.Release|Any CPU.Build.0 = Release|Any CPU
		{64AA5CC9-54A9-418D-93A5-32045C7DDFB5}.Debug|Any CPU.ActiveCfg = Debug|Any CPU
		{64AA5CC9-54A9-418D-93A5-32045C7DDFB5}.Debug|Any CPU.Build.0 = Debug|Any CPU
		{64AA5CC9-54A9-418D-93A5-32045C7DDFB5}.Release|Any CPU.ActiveCfg = Release|Any CPU
		{64AA5CC9-54A9-418D-93A5-32045C7DDFB5}.Release|Any CPU.Build.0 = Release|Any CPU
	EndGlobalSection
	GlobalSection(SolutionProperties) = preSolution
		HideSolutionNode = FALSE
	EndGlobalSection
	GlobalSection(ExtensibilityGlobals) = postSolution
		SolutionGuid = {B2BBB6C4-C1F3-489B-9ED1-9EFB7E631A1B}
	EndGlobalSection
EndGlobal
