
Microsoft Visual Studio Solution File, Format Version 12.00
# Visual Studio Version 17
VisualStudioVersion = 17.0.32002.185
MinimumVisualStudioVersion = 10.0.40219.1
Project("{FAE04EC0-301F-11D3-BF4B-00C04F79EFBC}") = "PremierSite", "PremierSite.csproj", "{8C7A04F0-0BCC-48E3-81E6-0C06DC12E089}"
EndProject
Global
	GlobalSection(SolutionConfigurationPlatforms) = preSolution
		Debug|Any CPU = Debug|Any CPU
		Release|Any CPU = Release|Any CPU
	EndGlobalSection
	GlobalSection(ProjectConfigurationPlatforms) = postSolution
		{8C7A04F0-0BCC-48E3-81E6-0C06DC12E089}.Debug|Any CPU.ActiveCfg = Debug|Any CPU
		{8C7A04F0-0BCC-48E3-81E6-0C06DC12E089}.Debug|Any CPU.Build.0 = Debug|Any CPU
		{8C7A04F0-0BCC-48E3-81E6-0C06DC12E089}.Release|Any CPU.ActiveCfg = Release|Any CPU
		{8C7A04F0-0BCC-48E3-81E6-0C06DC12E089}.Release|Any CPU.Build.0 = Release|Any CPU
	EndGlobalSection
	GlobalSection(SolutionProperties) = preSolution
		HideSolutionNode = FALSE
	EndGlobalSection
	GlobalSection(ExtensibilityGlobals) = postSolution
		SolutionGuid = {4863560A-1C35-4E99-9085-14827F121548}
	EndGlobalSection
EndGlobal
