
Microsoft Visual Studio Solution File, Format Version 12.00
# Visual Studio Version 17
VisualStudioVersion = 17.0.32014.148
MinimumVisualStudioVersion = 10.0.40219.1
Project("{FAE04EC0-301F-11D3-BF4B-00C04F79EFBC}") = "Dojo", "Dojo.csproj", "{05329DA7-8387-42B6-8035-0B6746EF2F28}"
EndProject
Project("{FAE04EC0-301F-11D3-BF4B-00C04F79EFBC}") = "BO", "E:\Pro\ENI\2 - CDA\Cours\2 - ASP.Net\Cours 250 - Module 6\Cours 250 - Module 6\Module 06 - Énoncé TP 01 - Le Dojo – partie 1\Ressources Module 06 - Enoncé TP 01\BO.csproj", "{0BBA0441-0AB7-4112-946B-521C9CEC7367}"
EndProject
Global
	GlobalSection(SolutionConfigurationPlatforms) = preSolution
		Debug|Any CPU = Debug|Any CPU
		Release|Any CPU = Release|Any CPU
	EndGlobalSection
	GlobalSection(ProjectConfigurationPlatforms) = postSolution
		{05329DA7-8387-42B6-8035-0B6746EF2F28}.Debug|Any CPU.ActiveCfg = Debug|Any CPU
		{05329DA7-8387-42B6-8035-0B6746EF2F28}.Debug|Any CPU.Build.0 = Debug|Any CPU
		{05329DA7-8387-42B6-8035-0B6746EF2F28}.Release|Any CPU.ActiveCfg = Release|Any CPU
		{05329DA7-8387-42B6-8035-0B6746EF2F28}.Release|Any CPU.Build.0 = Release|Any CPU
		{0BBA0441-0AB7-4112-946B-521C9CEC7367}.Debug|Any CPU.ActiveCfg = Debug|Any CPU
		{0BBA0441-0AB7-4112-946B-521C9CEC7367}.Debug|Any CPU.Build.0 = Debug|Any CPU
		{0BBA0441-0AB7-4112-946B-521C9CEC7367}.Release|Any CPU.ActiveCfg = Release|Any CPU
		{0BBA0441-0AB7-4112-946B-521C9CEC7367}.Release|Any CPU.Build.0 = Release|Any CPU
	EndGlobalSection
	GlobalSection(SolutionProperties) = preSolution
		HideSolutionNode = FALSE
	EndGlobalSection
	GlobalSection(ExtensibilityGlobals) = postSolution
		SolutionGuid = {E77D6412-5929-483B-9DA2-4867FD025584}
	EndGlobalSection
EndGlobal
