
Microsoft Visual Studio Solution File, Format Version 12.00
# Visual Studio Version 17
VisualStudioVersion = 17.0.32002.185
MinimumVisualStudioVersion = 10.0.40219.1
Project("{FAE04EC0-301F-11D3-BF4B-00C04F79EFBC}") = "Les Chats", "Les Chats.csproj", "{78641944-EEC8-4986-B1C6-C8F0DF008EFA}"
EndProject
Global
	GlobalSection(SolutionConfigurationPlatforms) = preSolution
		Debug|Any CPU = Debug|Any CPU
		Release|Any CPU = Release|Any CPU
	EndGlobalSection
	GlobalSection(ProjectConfigurationPlatforms) = postSolution
		{78641944-EEC8-4986-B1C6-C8F0DF008EFA}.Debug|Any CPU.ActiveCfg = Debug|Any CPU
		{78641944-EEC8-4986-B1C6-C8F0DF008EFA}.Debug|Any CPU.Build.0 = Debug|Any CPU
		{78641944-EEC8-4986-B1C6-C8F0DF008EFA}.Release|Any CPU.ActiveCfg = Release|Any CPU
		{78641944-EEC8-4986-B1C6-C8F0DF008EFA}.Release|Any CPU.Build.0 = Release|Any CPU
	EndGlobalSection
	GlobalSection(SolutionProperties) = preSolution
		HideSolutionNode = FALSE
	EndGlobalSection
	GlobalSection(ExtensibilityGlobals) = postSolution
		SolutionGuid = {F8A1088D-7CC8-4401-9863-0954D8584D2F}
	EndGlobalSection
EndGlobal
