
Microsoft Visual Studio Solution File, Format Version 12.00
# Visual Studio Version 17
VisualStudioVersion = 17.0.32002.185
MinimumVisualStudioVersion = 10.0.40219.1
Project("{9A19103F-16F7-4668-BE54-9A1E7A4F7556}") = "Pizzas", "Pizzas.csproj", "{03D83B25-6B6D-403F-8186-AC847968A73B}"
EndProject
Project("{FAE04EC0-301F-11D3-BF4B-00C04F79EFBC}") = "BO", "E:\Pro\ENI\2 - CDA\Cours\2 - ASP.Net\Cours 250 - Module 5\Cours 250 - Module 5\Module 05 - Énoncé TP 02 - Les pizzas - partie 1\Ressources Module 05 - Enoncé TP 02\BO.csproj", "{6066EAAA-6025-49BC-A1F3-FC6447C42CD9}"
EndProject
Global
	GlobalSection(SolutionConfigurationPlatforms) = preSolution
		Debug|Any CPU = Debug|Any CPU
		Release|Any CPU = Release|Any CPU
	EndGlobalSection
	GlobalSection(ProjectConfigurationPlatforms) = postSolution
		{03D83B25-6B6D-403F-8186-AC847968A73B}.Debug|Any CPU.ActiveCfg = Debug|Any CPU
		{03D83B25-6B6D-403F-8186-AC847968A73B}.Debug|Any CPU.Build.0 = Debug|Any CPU
		{03D83B25-6B6D-403F-8186-AC847968A73B}.Release|Any CPU.ActiveCfg = Release|Any CPU
		{03D83B25-6B6D-403F-8186-AC847968A73B}.Release|Any CPU.Build.0 = Release|Any CPU
		{6066EAAA-6025-49BC-A1F3-FC6447C42CD9}.Debug|Any CPU.ActiveCfg = Debug|Any CPU
		{6066EAAA-6025-49BC-A1F3-FC6447C42CD9}.Debug|Any CPU.Build.0 = Debug|Any CPU
		{6066EAAA-6025-49BC-A1F3-FC6447C42CD9}.Release|Any CPU.ActiveCfg = Release|Any CPU
		{6066EAAA-6025-49BC-A1F3-FC6447C42CD9}.Release|Any CPU.Build.0 = Release|Any CPU
	EndGlobalSection
	GlobalSection(SolutionProperties) = preSolution
		HideSolutionNode = FALSE
	EndGlobalSection
	GlobalSection(ExtensibilityGlobals) = postSolution
		SolutionGuid = {EEBC4DD5-F6F6-40FE-A2CB-60EB0986A55D}
	EndGlobalSection
EndGlobal
