
Microsoft Visual Studio Solution File, Format Version 12.00
# Visual Studio Version 17
VisualStudioVersion = 17.0.31919.166
MinimumVisualStudioVersion = 10.0.40219.1
Project("{9A19103F-16F7-4668-BE54-9A1E7A4F7556}") = "DemoGenerique", "DemoGenerique.csproj", "{54A01493-6365-480E-8DB2-7E169B6E057F}"
EndProject
Project("{9A19103F-16F7-4668-BE54-9A1E7A4F7556}") = "DemoCollection", "..\DemoCollection\DemoCollection.csproj", "{4CB36D23-B61E-4B8D-866E-2733B3BCB7A5}"
EndProject
Project("{FAE04EC0-301F-11D3-BF4B-00C04F79EFBC}") = "MethodeExtension", "..\MethodeExtension\MethodeExtension.csproj", "{F17A9D86-D9FB-432A-A892-8AC6660F63C9}"
EndProject
Project("{FAE04EC0-301F-11D3-BF4B-00C04F79EFBC}") = "DemoLambda", "..\DemoLambda\DemoLambda.csproj", "{CA2A5E58-4DE7-4C0B-97BE-B31158E7CF41}"
EndProject
Project("{FAE04EC0-301F-11D3-BF4B-00C04F79EFBC}") = "TP01", "..\TP01\TP01.csproj", "{293D3ADA-3D5C-4985-8C71-CDF5985F1ABF}"
EndProject
Global
	GlobalSection(SolutionConfigurationPlatforms) = preSolution
		Debug|Any CPU = Debug|Any CPU
		Release|Any CPU = Release|Any CPU
	EndGlobalSection
	GlobalSection(ProjectConfigurationPlatforms) = postSolution
		{54A01493-6365-480E-8DB2-7E169B6E057F}.Debug|Any CPU.ActiveCfg = Debug|Any CPU
		{54A01493-6365-480E-8DB2-7E169B6E057F}.Debug|Any CPU.Build.0 = Debug|Any CPU
		{54A01493-6365-480E-8DB2-7E169B6E057F}.Release|Any CPU.ActiveCfg = Release|Any CPU
		{54A01493-6365-480E-8DB2-7E169B6E057F}.Release|Any CPU.Build.0 = Release|Any CPU
		{4CB36D23-B61E-4B8D-866E-2733B3BCB7A5}.Debug|Any CPU.ActiveCfg = Debug|Any CPU
		{4CB36D23-B61E-4B8D-866E-2733B3BCB7A5}.Debug|Any CPU.Build.0 = Debug|Any CPU
		{4CB36D23-B61E-4B8D-866E-2733B3BCB7A5}.Release|Any CPU.ActiveCfg = Release|Any CPU
		{4CB36D23-B61E-4B8D-866E-2733B3BCB7A5}.Release|Any CPU.Build.0 = Release|Any CPU
		{F17A9D86-D9FB-432A-A892-8AC6660F63C9}.Debug|Any CPU.ActiveCfg = Debug|Any CPU
		{F17A9D86-D9FB-432A-A892-8AC6660F63C9}.Debug|Any CPU.Build.0 = Debug|Any CPU
		{F17A9D86-D9FB-432A-A892-8AC6660F63C9}.Release|Any CPU.ActiveCfg = Release|Any CPU
		{F17A9D86-D9FB-432A-A892-8AC6660F63C9}.Release|Any CPU.Build.0 = Release|Any CPU
		{CA2A5E58-4DE7-4C0B-97BE-B31158E7CF41}.Debug|Any CPU.ActiveCfg = Debug|Any CPU
		{CA2A5E58-4DE7-4C0B-97BE-B31158E7CF41}.Debug|Any CPU.Build.0 = Debug|Any CPU
		{CA2A5E58-4DE7-4C0B-97BE-B31158E7CF41}.Release|Any CPU.ActiveCfg = Release|Any CPU
		{CA2A5E58-4DE7-4C0B-97BE-B31158E7CF41}.Release|Any CPU.Build.0 = Release|Any CPU
		{293D3ADA-3D5C-4985-8C71-CDF5985F1ABF}.Debug|Any CPU.ActiveCfg = Debug|Any CPU
		{293D3ADA-3D5C-4985-8C71-CDF5985F1ABF}.Debug|Any CPU.Build.0 = Debug|Any CPU
		{293D3ADA-3D5C-4985-8C71-CDF5985F1ABF}.Release|Any CPU.ActiveCfg = Release|Any CPU
		{293D3ADA-3D5C-4985-8C71-CDF5985F1ABF}.Release|Any CPU.Build.0 = Release|Any CPU
	EndGlobalSection
	GlobalSection(SolutionProperties) = preSolution
		HideSolutionNode = FALSE
	EndGlobalSection
	GlobalSection(ExtensibilityGlobals) = postSolution
		SolutionGuid = {992FA6C1-BA9A-46B0-942F-DB2C970038AA}
	EndGlobalSection
EndGlobal
